
Microsoft Visual Studio Solution File, Format Version 12.00
# Visual Studio 15
Project("{FAE04EC0-301F-11D3-BF4B-00C04F79EFBC}") = "CustomerApp.Infrastructure.Static.Data", "CustomerApp.Infrastructure.Static.Data.csproj", "{9CDA4A40-53DA-49BE-AFC1-EA6F36228359}"
EndProject
Global
	GlobalSection(SolutionConfigurationPlatforms) = preSolution
		Debug|Any CPU = Debug|Any CPU
		Release|Any CPU = Release|Any CPU
	EndGlobalSection
	GlobalSection(ProjectConfigurationPlatforms) = postSolution
		{9CDA4A40-53DA-49BE-AFC1-EA6F36228359}.Debug|Any CPU.ActiveCfg = Debug|Any CPU
		{9CDA4A40-53DA-49BE-AFC1-EA6F36228359}.Debug|Any CPU.Build.0 = Debug|Any CPU
		{9CDA4A40-53DA-49BE-AFC1-EA6F36228359}.Release|Any CPU.ActiveCfg = Release|Any CPU
		{9CDA4A40-53DA-49BE-AFC1-EA6F36228359}.Release|Any CPU.Build.0 = Release|Any CPU
	EndGlobalSection
EndGlobal
